{
  "version": 1,
  "dependencies": {
    "net10.0": {
      "IDisposableAnalyzers": {
        "type": "Direct",
        "requested": "[4.0.8, )",
        "resolved": "4.0.8",
        "contentHash": "vNi4NMG0CcJyjXxiNDcQ21FwV/whM9o9OEZKD+oP7tuxAqFEzX/x5OhC3OZJqW/w+8GOtCmJPBquYgMWgz0rfQ=="
      },
      "Meziantou.Analyzer": {
        "type": "Direct",
        "requested": "[3.0.22, )",
        "resolved": "3.0.22",
        "contentHash": "90M4v6pWhG9X+4SKf6G+lUsk9D5PysTV2QhSCEyHmjbyOxjs6DxUjYxdLLWdPPO5k5+b67a8T+feWpZkno+h7g=="
      },
      "Microsoft.DotNet.ILCompiler": {
        "type": "Direct",
        "requested": "[10.0.8, )",
        "resolved": "10.0.8",
        "contentHash": "RJxitcN5CCyZDcPNXKLsecwKvACzmy8C1z8hGM9+hFcnPhv1jDysJFFIeUHIPWaZ6wDAfYtZcgKEtegvL2Nz8A=="
      },
      "Microsoft.Extensions.Hosting.WindowsServices": {
        "type": "Direct",
        "requested": "[10.0.5, )",
        "resolved": "10.0.5",
        "contentHash": "MGzm+eVrf1dviAygMKF72RlqQxawM4Y6ZzXlgj0stCr/6/FHqJ2QMfJzHe7IAYVhJdFQAzPI9UyqlXprxGGFLQ==",
        "dependencies": {
          "System.ServiceProcess.ServiceController": "10.0.5"
        }
      },
      "Microsoft.NET.ILLink.Tasks": {
        "type": "Direct",
        "requested": "[10.0.8, )",
        "resolved": "10.0.8",
        "contentHash": "dVbSXGIFNR5nZcv2tOLoWI+a9T4jtFd77IYjuND+QVe360qWgAF7H0WtoopYhRw/+SgpGUTyrkrh+65+ClNnfw=="
      },
      "Microsoft.Windows.CsWin32": {
        "type": "Direct",
        "requested": "[0.3.269, )",
        "resolved": "0.3.269",
        "contentHash": "O4GVJ0ymxcoFRGS07VcoEClj7A9PIciHIjWDrPymzonhYlOfM7V0ZqGBUK19cUH3BPca9MfSOH0KLK/9JzQ8+Q==",
        "dependencies": {
          "Microsoft.Windows.SDK.Win32Docs": "0.1.42-alpha",
          "Microsoft.Windows.SDK.Win32Metadata": "69.0.7-preview",
          "Microsoft.Windows.WDK.Win32Metadata": "0.13.25-experimental"
        }
      },
      "System.Security.Cryptography.ProtectedData": {
        "type": "Direct",
        "requested": "[10.0.5, )",
        "resolved": "10.0.5",
        "contentHash": "kxR4O/8o32eNN3m4qbLe3UifYqeyEpallCyVAsLvL5ZFJVyT3JCb+9du/WHfC09VyJh1Q+p/Gd4+AwM7Rz4acg=="
      },
      "Microsoft.Windows.SDK.Win32Docs": {
        "type": "Transitive",
        "resolved": "0.1.42-alpha",
        "contentHash": "Z/9po23gUA9aoukirh2ItMU2ZS9++Js9Gdds9fu5yuMojDrmArvY2y+tq9985tR3cxFxpZO1O35Wjfo0khj5HA=="
      },
      "Microsoft.Windows.SDK.Win32Metadata": {
        "type": "Transitive",
        "resolved": "69.0.7-preview",
        "contentHash": "RJoNjQJVCIDNLPbvYuaygCFknTyAxOUE45of1voj0jjOgJa9MB2m1/G8L8F3IYc+2EFG5aqa/9y8PEx7Tk2tLQ=="
      },
      "Microsoft.Windows.WDK.Win32Metadata": {
        "type": "Transitive",
        "resolved": "0.13.25-experimental",
        "contentHash": "IM50tb/+UIwBr9FMr6ZKcZjCMW+Axo6NjGqKxgjUfyCY8dRnYUfrJEXxAaXoWtYP4X8EmASmC1Jtwh4XucseZg==",
        "dependencies": {
          "Microsoft.Windows.SDK.Win32Metadata": "63.0.31-preview"
        }
      },
      "System.ServiceProcess.ServiceController": {
        "type": "Transitive",
        "resolved": "10.0.5",
        "contentHash": "L7pataU51CVJkdfIxpH6wY1buML9zsi9ZVWYaCOLM1AMpd4wQ0StzbOb8OGZAfwCyK/oyKEYcCZrWAi4GgP3lg=="
      },
      "ai.tlbx.midterm.common": {
        "type": "Project"
      }
    },
    "net10.0/win-x64": {
      "Microsoft.DotNet.ILCompiler": {
        "type": "Direct",
        "requested": "[10.0.8, )",
        "resolved": "10.0.8",
        "contentHash": "RJxitcN5CCyZDcPNXKLsecwKvACzmy8C1z8hGM9+hFcnPhv1jDysJFFIeUHIPWaZ6wDAfYtZcgKEtegvL2Nz8A==",
        "dependencies": {
          "runtime.win-x64.Microsoft.DotNet.ILCompiler": "10.0.8"
        }
      },
      "runtime.win-x64.Microsoft.DotNet.ILCompiler": {
        "type": "Transitive",
        "resolved": "10.0.8",
        "contentHash": "S+9omeowlFjRReD0VB/Q4u3DcN7+vueJSF37saFj0U2OSJIkfI7gGKQRsDxGIf0MwLha14qGrjRC3bDGhvF0Gg=="
      },
      "System.ServiceProcess.ServiceController": {
        "type": "Transitive",
        "resolved": "10.0.5",
        "contentHash": "L7pataU51CVJkdfIxpH6wY1buML9zsi9ZVWYaCOLM1AMpd4wQ0StzbOb8OGZAfwCyK/oyKEYcCZrWAi4GgP3lg=="
      }
    }
  }
}