{
  "version": 1,
  "dependencies": {
    "net10.0": {
      "Acornima": {
        "type": "Direct",
        "requested": "[1.8.0, )",
        "resolved": "1.8.0",
        "contentHash": "ZtcK7lu5LZZH5qDWfeUdBn/WXChWQjGdpB9sSFOJPyqnODGSMS1wqBoONP7GXzQRPHKoV8byWZT4EeBPI69ODQ=="
      },
      "IDisposableAnalyzers": {
        "type": "Direct",
        "requested": "[4.0.8, )",
        "resolved": "4.0.8",
        "contentHash": "vNi4NMG0CcJyjXxiNDcQ21FwV/whM9o9OEZKD+oP7tuxAqFEzX/x5OhC3OZJqW/w+8GOtCmJPBquYgMWgz0rfQ=="
      },
      "Meziantou.Analyzer": {
        "type": "Direct",
        "requested": "[3.0.228, )",
        "resolved": "3.0.228",
        "contentHash": "YqzQrn2kokjvvZzYPM90b95CJyKONv60iZ6H0SuPy+6fWz3c8Fnqnd4rp+f7KxUc00r+FmLgGtQXeAPZxkZmGA=="
      },
      "Microsoft.Data.Sqlite": {
        "type": "Direct",
        "requested": "[10.0.11, )",
        "resolved": "10.0.11",
        "contentHash": "7je7UELzm131GiLYc4PpZvfKXIgIyzPM+v+tjcd/nbnuWRfgcONYKzDTqJlURxwVCFsVnlpmq6y6yn4qvR8QXQ==",
        "dependencies": {
          "Microsoft.Data.Sqlite.Core": "10.0.11",
          "SQLitePCLRaw.bundle_e_sqlite3": "2.1.12",
          "SQLitePCLRaw.core": "2.1.12"
        }
      },
      "Microsoft.DotNet.ILCompiler": {
        "type": "Direct",
        "requested": "[10.0.11, )",
        "resolved": "10.0.11",
        "contentHash": "yloFUsIQOzspIsn2cDHrbgikKaWHAZspzj0EWxnWJJpFC89IBW64OXgCECsrrnzGWQvy1iLX9r5/R4zBf7Am3g=="
      },
      "Microsoft.Extensions.Hosting.WindowsServices": {
        "type": "Direct",
        "requested": "[10.0.11, )",
        "resolved": "10.0.11",
        "contentHash": "OTlOHRxmt4IyYR5tBejF5ffdVMbo9n5NbPJRzCe0bnJmzTQt0kHNiDiEU96t4KkB3wE3vZqPETtXJVLujrRJnA==",
        "dependencies": {
          "System.ServiceProcess.ServiceController": "10.0.11"
        }
      },
      "Microsoft.NET.ILLink.Tasks": {
        "type": "Direct",
        "requested": "[10.0.11, )",
        "resolved": "10.0.11",
        "contentHash": "IBf7lbovvjGWVWXZX5cJ/cO0WXbId0Zq4BuSeT94mGZuOAP66oMeH9PTBZ9Jpp3Jb6jtK0qm/NyUbPRo1gC/wQ=="
      },
      "Microsoft.Windows.CsWin32": {
        "type": "Direct",
        "requested": "[0.3.333, )",
        "resolved": "0.3.333",
        "contentHash": "UigiQ8BYaIJfon0FZ9rTy9reygbXr4VijncifNe/Az/GSnqd958ptd1/Hp9u9lyYrwI+3/xeIUHgqrLr1o5hQQ==",
        "dependencies": {
          "Microsoft.Windows.SDK.Win32Docs": "0.1.42-alpha",
          "Microsoft.Windows.SDK.Win32Metadata": "71.0.14-preview",
          "Microsoft.Windows.WDK.Win32Metadata": "0.13.25-experimental"
        }
      },
      "SkiaSharp": {
        "type": "Direct",
        "requested": "[4.151.2, )",
        "resolved": "4.151.2",
        "contentHash": "zqcEy5E17Tqoh2tEvb4uC2G3ulli5YdsljzZuf93pCc/9gQDMx9VrUInxiqkLMGt+MjQi8hNrf1Uxmq25yyU3A==",
        "dependencies": {
          "SkiaSharp.NativeAssets.Win32": "4.151.2",
          "SkiaSharp.NativeAssets.macOS": "4.151.2"
        }
      },
      "SkiaSharp.NativeAssets.Linux.NoDependencies": {
        "type": "Direct",
        "requested": "[4.151.2, )",
        "resolved": "4.151.2",
        "contentHash": "WrEmGx0ntYCIc+DzrXDfroE0/8spBs//pPc4nhgvRKOw+WedKF+ATJMv58XA9SxzxfgqjGqlCRWaK9gDPueIvw=="
      },
      "SQLitePCLRaw.bundle_e_sqlite3": {
        "type": "Direct",
        "requested": "[2.1.13, )",
        "resolved": "2.1.13",
        "contentHash": "NlDixlC7uHmo+ojXRgkNvN0tQtVGpLDZ3x2OpgNj+G07VHh5cXSszFDrAiC4BpUiPwkcaeuQkMV9WQ123xVtmQ==",
        "dependencies": {
          "SQLitePCLRaw.lib.e_sqlite3": "2.1.13",
          "SQLitePCLRaw.provider.e_sqlite3": "2.1.13"
        }
      },
      "System.Security.Cryptography.ProtectedData": {
        "type": "Direct",
        "requested": "[10.0.11, )",
        "resolved": "10.0.11",
        "contentHash": "PNoxCTPb+Tlux+GJyq4c89ddYdpioVSqfGx8pqOF6shCSKwUNNctXhQtRkCICjbJmGrJJsW8NY52kVYO/b8mlQ=="
      },
      "Microsoft.Data.Sqlite.Core": {
        "type": "Transitive",
        "resolved": "10.0.11",
        "contentHash": "hubA20AGenQ4Sx0ElWaPpB8DISjXpdx463+1zOGRslsT0e/t/06ITv+pHsop8CcJ0d8PZLfgnT7juCDVD79Dkw==",
        "dependencies": {
          "SQLitePCLRaw.core": "2.1.12"
        }
      },
      "Microsoft.Windows.SDK.Win32Docs": {
        "type": "Transitive",
        "resolved": "0.1.42-alpha",
        "contentHash": "Z/9po23gUA9aoukirh2ItMU2ZS9++Js9Gdds9fu5yuMojDrmArvY2y+tq9985tR3cxFxpZO1O35Wjfo0khj5HA=="
      },
      "Microsoft.Windows.SDK.Win32Metadata": {
        "type": "Transitive",
        "resolved": "71.0.14-preview",
        "contentHash": "39I8YpjHYJF7Qncztn6+cu15Ti35myn5QQnLZwN6AngBsfaU1l3Nsxvt2087AlExLxg5a/llFIRSeahK7GW/Dw=="
      },
      "Microsoft.Windows.WDK.Win32Metadata": {
        "type": "Transitive",
        "resolved": "0.13.25-experimental",
        "contentHash": "IM50tb/+UIwBr9FMr6ZKcZjCMW+Axo6NjGqKxgjUfyCY8dRnYUfrJEXxAaXoWtYP4X8EmASmC1Jtwh4XucseZg==",
        "dependencies": {
          "Microsoft.Windows.SDK.Win32Metadata": "63.0.31-preview"
        }
      },
      "SkiaSharp.NativeAssets.macOS": {
        "type": "Transitive",
        "resolved": "4.151.2",
        "contentHash": "hDGy20k1DJZuKcdbHjwaOfsPeQYY9ty8wJeG1qzJWidPUzrwwvVtTLpDdTiP1M89UWbEYyWAhZo9qOaoYae6iQ=="
      },
      "SkiaSharp.NativeAssets.Win32": {
        "type": "Transitive",
        "resolved": "4.151.2",
        "contentHash": "sTUHSfWXVYThf/lTG81n8y1gMnr0TiN/2zrApwd0jbGfbsEt9g4+GPsj6UVjjgNLXCI9l5CyzxQ6Zh4fP9ZoVQ=="
      },
      "SQLitePCLRaw.core": {
        "type": "Transitive",
        "resolved": "2.1.13",
        "contentHash": "2joofoinuHBFs0nMX3nKuXgxpXryRkCOdM2Ua6HBqQLLy6IW+5f28ZI+HAvMyF8vG7XfNz/lwfBfE6V4juru8Q=="
      },
      "SQLitePCLRaw.lib.e_sqlite3": {
        "type": "Transitive",
        "resolved": "2.1.13",
        "contentHash": "D2UAuiGxFYBqeRXjjjGgvJ5UQifzn6wefmSqeKU7XcNGKLbJRP6X7kcPZ6opOBJGdCIlgbSxTvDpBbLvsN594A=="
      },
      "SQLitePCLRaw.provider.e_sqlite3": {
        "type": "Transitive",
        "resolved": "2.1.13",
        "contentHash": "ZU60dSqoSNRe49KcQDUmOVgdRtjITOssVXFtiISs+zJXDI4D2Sndwpn2NOtzDQNPu0ZAvpoLPQ+GLKv6iEZn8Q==",
        "dependencies": {
          "SQLitePCLRaw.core": "2.1.13"
        }
      },
      "System.ServiceProcess.ServiceController": {
        "type": "Transitive",
        "resolved": "10.0.11",
        "contentHash": "khROyIQ3GAZy5MbCabfmlbvxf9nuvdveFP2XbRCteZ9Lq8OFEvImmrjV6acl1LegRu/9T6VMxi9Lr+KZu29VHg=="
      },
      "ai.tlbx.midterm.common": {
        "type": "Project"
      }
    },
    "net10.0/linux-arm64": {
      "Microsoft.DotNet.ILCompiler": {
        "type": "Direct",
        "requested": "[10.0.11, )",
        "resolved": "10.0.11",
        "contentHash": "yloFUsIQOzspIsn2cDHrbgikKaWHAZspzj0EWxnWJJpFC89IBW64OXgCECsrrnzGWQvy1iLX9r5/R4zBf7Am3g==",
        "dependencies": {
          "runtime.linux-arm64.Microsoft.DotNet.ILCompiler": "10.0.11"
        }
      },
      "SkiaSharp.NativeAssets.Linux.NoDependencies": {
        "type": "Direct",
        "requested": "[4.151.2, )",
        "resolved": "4.151.2",
        "contentHash": "WrEmGx0ntYCIc+DzrXDfroE0/8spBs//pPc4nhgvRKOw+WedKF+ATJMv58XA9SxzxfgqjGqlCRWaK9gDPueIvw=="
      },
      "runtime.linux-arm64.Microsoft.DotNet.ILCompiler": {
        "type": "Transitive",
        "resolved": "10.0.11",
        "contentHash": "SlLhVljt2e2nIYTOqzNUBr6pjOiC5SjSQyTnORuz845gXUKa2zuRYim/MA+s/V66bcd3q26EumASTOYc8ttLew=="
      },
      "SkiaSharp.NativeAssets.macOS": {
        "type": "Transitive",
        "resolved": "4.151.2",
        "contentHash": "hDGy20k1DJZuKcdbHjwaOfsPeQYY9ty8wJeG1qzJWidPUzrwwvVtTLpDdTiP1M89UWbEYyWAhZo9qOaoYae6iQ=="
      },
      "SkiaSharp.NativeAssets.Win32": {
        "type": "Transitive",
        "resolved": "4.151.2",
        "contentHash": "sTUHSfWXVYThf/lTG81n8y1gMnr0TiN/2zrApwd0jbGfbsEt9g4+GPsj6UVjjgNLXCI9l5CyzxQ6Zh4fP9ZoVQ=="
      },
      "SQLitePCLRaw.lib.e_sqlite3": {
        "type": "Transitive",
        "resolved": "2.1.13",
        "contentHash": "D2UAuiGxFYBqeRXjjjGgvJ5UQifzn6wefmSqeKU7XcNGKLbJRP6X7kcPZ6opOBJGdCIlgbSxTvDpBbLvsN594A=="
      },
      "System.ServiceProcess.ServiceController": {
        "type": "Transitive",
        "resolved": "10.0.11",
        "contentHash": "khROyIQ3GAZy5MbCabfmlbvxf9nuvdveFP2XbRCteZ9Lq8OFEvImmrjV6acl1LegRu/9T6VMxi9Lr+KZu29VHg=="
      }
    },
    "net10.0/linux-x64": {
      "Microsoft.DotNet.ILCompiler": {
        "type": "Direct",
        "requested": "[10.0.11, )",
        "resolved": "10.0.11",
        "contentHash": "yloFUsIQOzspIsn2cDHrbgikKaWHAZspzj0EWxnWJJpFC89IBW64OXgCECsrrnzGWQvy1iLX9r5/R4zBf7Am3g==",
        "dependencies": {
          "runtime.linux-x64.Microsoft.DotNet.ILCompiler": "10.0.11"
        }
      },
      "SkiaSharp.NativeAssets.Linux.NoDependencies": {
        "type": "Direct",
        "requested": "[4.151.2, )",
        "resolved": "4.151.2",
        "contentHash": "WrEmGx0ntYCIc+DzrXDfroE0/8spBs//pPc4nhgvRKOw+WedKF+ATJMv58XA9SxzxfgqjGqlCRWaK9gDPueIvw=="
      },
      "runtime.linux-x64.Microsoft.DotNet.ILCompiler": {
        "type": "Transitive",
        "resolved": "10.0.11",
        "contentHash": "0lJviBev2CvBdrLhMCJ1hmwOKgjbk1ccRy+brEewywtK4TMft1WaVXv112j6OuTQg8ZMbnN/i3KRD3S6o4NJDw=="
      },
      "SkiaSharp.NativeAssets.macOS": {
        "type": "Transitive",
        "resolved": "4.151.2",
        "contentHash": "hDGy20k1DJZuKcdbHjwaOfsPeQYY9ty8wJeG1qzJWidPUzrwwvVtTLpDdTiP1M89UWbEYyWAhZo9qOaoYae6iQ=="
      },
      "SkiaSharp.NativeAssets.Win32": {
        "type": "Transitive",
        "resolved": "4.151.2",
        "contentHash": "sTUHSfWXVYThf/lTG81n8y1gMnr0TiN/2zrApwd0jbGfbsEt9g4+GPsj6UVjjgNLXCI9l5CyzxQ6Zh4fP9ZoVQ=="
      },
      "SQLitePCLRaw.lib.e_sqlite3": {
        "type": "Transitive",
        "resolved": "2.1.13",
        "contentHash": "D2UAuiGxFYBqeRXjjjGgvJ5UQifzn6wefmSqeKU7XcNGKLbJRP6X7kcPZ6opOBJGdCIlgbSxTvDpBbLvsN594A=="
      },
      "System.ServiceProcess.ServiceController": {
        "type": "Transitive",
        "resolved": "10.0.11",
        "contentHash": "khROyIQ3GAZy5MbCabfmlbvxf9nuvdveFP2XbRCteZ9Lq8OFEvImmrjV6acl1LegRu/9T6VMxi9Lr+KZu29VHg=="
      }
    },
    "net10.0/osx-arm64": {
      "Microsoft.DotNet.ILCompiler": {
        "type": "Direct",
        "requested": "[10.0.11, )",
        "resolved": "10.0.11",
        "contentHash": "yloFUsIQOzspIsn2cDHrbgikKaWHAZspzj0EWxnWJJpFC89IBW64OXgCECsrrnzGWQvy1iLX9r5/R4zBf7Am3g==",
        "dependencies": {
          "runtime.osx-arm64.Microsoft.DotNet.ILCompiler": "10.0.11"
        }
      },
      "SkiaSharp.NativeAssets.Linux.NoDependencies": {
        "type": "Direct",
        "requested": "[4.151.2, )",
        "resolved": "4.151.2",
        "contentHash": "WrEmGx0ntYCIc+DzrXDfroE0/8spBs//pPc4nhgvRKOw+WedKF+ATJMv58XA9SxzxfgqjGqlCRWaK9gDPueIvw=="
      },
      "runtime.osx-arm64.Microsoft.DotNet.ILCompiler": {
        "type": "Transitive",
        "resolved": "10.0.11",
        "contentHash": "4cxybmyqJI3zZIKkNM1Ft0aq6Q4q6b4SJ11Np5j9lrHHurfheI66dUshpZD/UEMjMqAdg9O03AABAYLYSUzwyw=="
      },
      "SkiaSharp.NativeAssets.macOS": {
        "type": "Transitive",
        "resolved": "4.151.2",
        "contentHash": "hDGy20k1DJZuKcdbHjwaOfsPeQYY9ty8wJeG1qzJWidPUzrwwvVtTLpDdTiP1M89UWbEYyWAhZo9qOaoYae6iQ=="
      },
      "SkiaSharp.NativeAssets.Win32": {
        "type": "Transitive",
        "resolved": "4.151.2",
        "contentHash": "sTUHSfWXVYThf/lTG81n8y1gMnr0TiN/2zrApwd0jbGfbsEt9g4+GPsj6UVjjgNLXCI9l5CyzxQ6Zh4fP9ZoVQ=="
      },
      "SQLitePCLRaw.lib.e_sqlite3": {
        "type": "Transitive",
        "resolved": "2.1.13",
        "contentHash": "D2UAuiGxFYBqeRXjjjGgvJ5UQifzn6wefmSqeKU7XcNGKLbJRP6X7kcPZ6opOBJGdCIlgbSxTvDpBbLvsN594A=="
      },
      "System.ServiceProcess.ServiceController": {
        "type": "Transitive",
        "resolved": "10.0.11",
        "contentHash": "khROyIQ3GAZy5MbCabfmlbvxf9nuvdveFP2XbRCteZ9Lq8OFEvImmrjV6acl1LegRu/9T6VMxi9Lr+KZu29VHg=="
      }
    },
    "net10.0/osx-x64": {
      "Microsoft.DotNet.ILCompiler": {
        "type": "Direct",
        "requested": "[10.0.11, )",
        "resolved": "10.0.11",
        "contentHash": "yloFUsIQOzspIsn2cDHrbgikKaWHAZspzj0EWxnWJJpFC89IBW64OXgCECsrrnzGWQvy1iLX9r5/R4zBf7Am3g==",
        "dependencies": {
          "runtime.osx-x64.Microsoft.DotNet.ILCompiler": "10.0.11"
        }
      },
      "SkiaSharp.NativeAssets.Linux.NoDependencies": {
        "type": "Direct",
        "requested": "[4.151.2, )",
        "resolved": "4.151.2",
        "contentHash": "WrEmGx0ntYCIc+DzrXDfroE0/8spBs//pPc4nhgvRKOw+WedKF+ATJMv58XA9SxzxfgqjGqlCRWaK9gDPueIvw=="
      },
      "runtime.osx-x64.Microsoft.DotNet.ILCompiler": {
        "type": "Transitive",
        "resolved": "10.0.11",
        "contentHash": "Nf7MRJg0HZ4G7icNbW8T49O/9UU6x8XoUPffkk3Uh+r+mDAUFHkhIptUc0wDdIRrouJrLt0IJp0LiaQJUB7DbA=="
      },
      "SkiaSharp.NativeAssets.macOS": {
        "type": "Transitive",
        "resolved": "4.151.2",
        "contentHash": "hDGy20k1DJZuKcdbHjwaOfsPeQYY9ty8wJeG1qzJWidPUzrwwvVtTLpDdTiP1M89UWbEYyWAhZo9qOaoYae6iQ=="
      },
      "SkiaSharp.NativeAssets.Win32": {
        "type": "Transitive",
        "resolved": "4.151.2",
        "contentHash": "sTUHSfWXVYThf/lTG81n8y1gMnr0TiN/2zrApwd0jbGfbsEt9g4+GPsj6UVjjgNLXCI9l5CyzxQ6Zh4fP9ZoVQ=="
      },
      "SQLitePCLRaw.lib.e_sqlite3": {
        "type": "Transitive",
        "resolved": "2.1.13",
        "contentHash": "D2UAuiGxFYBqeRXjjjGgvJ5UQifzn6wefmSqeKU7XcNGKLbJRP6X7kcPZ6opOBJGdCIlgbSxTvDpBbLvsN594A=="
      },
      "System.ServiceProcess.ServiceController": {
        "type": "Transitive",
        "resolved": "10.0.11",
        "contentHash": "khROyIQ3GAZy5MbCabfmlbvxf9nuvdveFP2XbRCteZ9Lq8OFEvImmrjV6acl1LegRu/9T6VMxi9Lr+KZu29VHg=="
      }
    },
    "net10.0/win-x64": {
      "Microsoft.DotNet.ILCompiler": {
        "type": "Direct",
        "requested": "[10.0.11, )",
        "resolved": "10.0.11",
        "contentHash": "yloFUsIQOzspIsn2cDHrbgikKaWHAZspzj0EWxnWJJpFC89IBW64OXgCECsrrnzGWQvy1iLX9r5/R4zBf7Am3g==",
        "dependencies": {
          "runtime.win-x64.Microsoft.DotNet.ILCompiler": "10.0.11"
        }
      },
      "SkiaSharp.NativeAssets.Linux.NoDependencies": {
        "type": "Direct",
        "requested": "[4.151.2, )",
        "resolved": "4.151.2",
        "contentHash": "WrEmGx0ntYCIc+DzrXDfroE0/8spBs//pPc4nhgvRKOw+WedKF+ATJMv58XA9SxzxfgqjGqlCRWaK9gDPueIvw=="
      },
      "runtime.win-x64.Microsoft.DotNet.ILCompiler": {
        "type": "Transitive",
        "resolved": "10.0.11",
        "contentHash": "D6ZKMo3NeTnos7l5S8bMmiPm4LK+y15Q/uduyPw7FX+xKbeWVWdwlcZGkLLPjLvW4ZO6o3ACanq5HsSXJgrt0g=="
      },
      "SkiaSharp.NativeAssets.macOS": {
        "type": "Transitive",
        "resolved": "4.151.2",
        "contentHash": "hDGy20k1DJZuKcdbHjwaOfsPeQYY9ty8wJeG1qzJWidPUzrwwvVtTLpDdTiP1M89UWbEYyWAhZo9qOaoYae6iQ=="
      },
      "SkiaSharp.NativeAssets.Win32": {
        "type": "Transitive",
        "resolved": "4.151.2",
        "contentHash": "sTUHSfWXVYThf/lTG81n8y1gMnr0TiN/2zrApwd0jbGfbsEt9g4+GPsj6UVjjgNLXCI9l5CyzxQ6Zh4fP9ZoVQ=="
      },
      "SQLitePCLRaw.lib.e_sqlite3": {
        "type": "Transitive",
        "resolved": "2.1.13",
        "contentHash": "D2UAuiGxFYBqeRXjjjGgvJ5UQifzn6wefmSqeKU7XcNGKLbJRP6X7kcPZ6opOBJGdCIlgbSxTvDpBbLvsN594A=="
      },
      "System.ServiceProcess.ServiceController": {
        "type": "Transitive",
        "resolved": "10.0.11",
        "contentHash": "khROyIQ3GAZy5MbCabfmlbvxf9nuvdveFP2XbRCteZ9Lq8OFEvImmrjV6acl1LegRu/9T6VMxi9Lr+KZu29VHg=="
      }
    },
    "net10.0/win-x86": {
      "Microsoft.DotNet.ILCompiler": {
        "type": "Direct",
        "requested": "[10.0.11, )",
        "resolved": "10.0.11",
        "contentHash": "yloFUsIQOzspIsn2cDHrbgikKaWHAZspzj0EWxnWJJpFC89IBW64OXgCECsrrnzGWQvy1iLX9r5/R4zBf7Am3g==",
        "dependencies": {
          "runtime.win-x86.Microsoft.DotNet.ILCompiler": "10.0.11"
        }
      },
      "SkiaSharp.NativeAssets.Linux.NoDependencies": {
        "type": "Direct",
        "requested": "[4.151.2, )",
        "resolved": "4.151.2",
        "contentHash": "WrEmGx0ntYCIc+DzrXDfroE0/8spBs//pPc4nhgvRKOw+WedKF+ATJMv58XA9SxzxfgqjGqlCRWaK9gDPueIvw=="
      },
      "runtime.win-x86.Microsoft.DotNet.ILCompiler": {
        "type": "Transitive",
        "resolved": "10.0.11",
        "contentHash": "Gm5p1Pg87zf+HDV0cS+niOwh4glMgZ5hnDvQ9rmXyY+tQtlKSsWcKOwHVE8rJx/eTiOiLUrbNZNw5uD//h0zlg=="
      },
      "SkiaSharp.NativeAssets.macOS": {
        "type": "Transitive",
        "resolved": "4.151.2",
        "contentHash": "hDGy20k1DJZuKcdbHjwaOfsPeQYY9ty8wJeG1qzJWidPUzrwwvVtTLpDdTiP1M89UWbEYyWAhZo9qOaoYae6iQ=="
      },
      "SkiaSharp.NativeAssets.Win32": {
        "type": "Transitive",
        "resolved": "4.151.2",
        "contentHash": "sTUHSfWXVYThf/lTG81n8y1gMnr0TiN/2zrApwd0jbGfbsEt9g4+GPsj6UVjjgNLXCI9l5CyzxQ6Zh4fP9ZoVQ=="
      },
      "SQLitePCLRaw.lib.e_sqlite3": {
        "type": "Transitive",
        "resolved": "2.1.13",
        "contentHash": "D2UAuiGxFYBqeRXjjjGgvJ5UQifzn6wefmSqeKU7XcNGKLbJRP6X7kcPZ6opOBJGdCIlgbSxTvDpBbLvsN594A=="
      },
      "System.ServiceProcess.ServiceController": {
        "type": "Transitive",
        "resolved": "10.0.11",
        "contentHash": "khROyIQ3GAZy5MbCabfmlbvxf9nuvdveFP2XbRCteZ9Lq8OFEvImmrjV6acl1LegRu/9T6VMxi9Lr+KZu29VHg=="
      }
    }
  }
}