{
  "version": 1,
  "dependencies": {
    "net10.0": {
      "IDisposableAnalyzers": {
        "type": "Direct",
        "requested": "[4.0.8, )",
        "resolved": "4.0.8",
        "contentHash": "vNi4NMG0CcJyjXxiNDcQ21FwV/whM9o9OEZKD+oP7tuxAqFEzX/x5OhC3OZJqW/w+8GOtCmJPBquYgMWgz0rfQ=="
      },
      "Meziantou.Analyzer": {
        "type": "Direct",
        "requested": "[3.0.228, )",
        "resolved": "3.0.228",
        "contentHash": "YqzQrn2kokjvvZzYPM90b95CJyKONv60iZ6H0SuPy+6fWz3c8Fnqnd4rp+f7KxUc00r+FmLgGtQXeAPZxkZmGA=="
      },
      "Microsoft.AspNetCore.OpenApi": {
        "type": "Direct",
        "requested": "[10.0.11, )",
        "resolved": "10.0.11",
        "contentHash": "R/1EATnPLU+gRfB6lwVkMcymmyAY5ppBBdRN/5lhNEiT3xP1sWccuSFkU/f1lQvN/WgRq5Vn8AhCdE3fqgsL/w==",
        "dependencies": {
          "Microsoft.OpenApi": "[2.7.5, 3.0.0)"
        }
      },
      "Microsoft.Extensions.ApiDescription.Server": {
        "type": "Direct",
        "requested": "[10.0.11, )",
        "resolved": "10.0.11",
        "contentHash": "yijfZoSrAa46NIezh7YRvv0eL4zPuCJtkoMwmYn0EXPoNVU0Bl85ijva7RbX72Usrcfd7AYqQxv9VzYqSvObdw=="
      },
      "Microsoft.OpenApi": {
        "type": "Direct",
        "requested": "[2.12.2, )",
        "resolved": "2.12.2",
        "contentHash": "ZkT7qiJe0Kj0+DTZOZo+xrDy1kNmdsWFQVPIQLNx9ZJ0T9cB2LG7r+Bi60so8/+yg1nkS7QCPadrzsTG4VPKrA=="
      },
      "ai.tlbx.midterm.api": {
        "type": "Project",
        "dependencies": {
          "Ai.Tlbx.MidTerm.Common": "[4.0.1, )"
        }
      },
      "ai.tlbx.midterm.common": {
        "type": "Project"
      }
    }
  }
}