{
  "version": 1,
  "dependencies": {
    "net10.0": {
      "IDisposableAnalyzers": {
        "type": "Direct",
        "requested": "[4.0.8, )",
        "resolved": "4.0.8",
        "contentHash": "vNi4NMG0CcJyjXxiNDcQ21FwV/whM9o9OEZKD+oP7tuxAqFEzX/x5OhC3OZJqW/w+8GOtCmJPBquYgMWgz0rfQ=="
      },
      "Meziantou.Analyzer": {
        "type": "Direct",
        "requested": "[3.0.228, )",
        "resolved": "3.0.228",
        "contentHash": "YqzQrn2kokjvvZzYPM90b95CJyKONv60iZ6H0SuPy+6fWz3c8Fnqnd4rp+f7KxUc00r+FmLgGtQXeAPZxkZmGA=="
      },
      "Microsoft.DotNet.ILCompiler": {
        "type": "Direct",
        "requested": "[10.0.11, )",
        "resolved": "10.0.11",
        "contentHash": "yloFUsIQOzspIsn2cDHrbgikKaWHAZspzj0EWxnWJJpFC89IBW64OXgCECsrrnzGWQvy1iLX9r5/R4zBf7Am3g=="
      },
      "Microsoft.NET.ILLink.Tasks": {
        "type": "Direct",
        "requested": "[10.0.11, )",
        "resolved": "10.0.11",
        "contentHash": "IBf7lbovvjGWVWXZX5cJ/cO0WXbId0Zq4BuSeT94mGZuOAP66oMeH9PTBZ9Jpp3Jb6jtK0qm/NyUbPRo1gC/wQ=="
      },
      "Microsoft.Windows.Console.ConPTY": {
        "type": "Direct",
        "requested": "[1.24.260710001, )",
        "resolved": "1.24.260710001",
        "contentHash": "JR1xAkZbNnAALBjzFpqSwEx7YZfD1LI228jF9j9cgKknBPCiFy9mpphlgH+TpTN8vajTUpcgg9Miy5Y8eUAH9g=="
      },
      "ai.tlbx.midterm.common": {
        "type": "Project"
      }
    },
    "net10.0/linux-arm64": {
      "Microsoft.DotNet.ILCompiler": {
        "type": "Direct",
        "requested": "[10.0.11, )",
        "resolved": "10.0.11",
        "contentHash": "yloFUsIQOzspIsn2cDHrbgikKaWHAZspzj0EWxnWJJpFC89IBW64OXgCECsrrnzGWQvy1iLX9r5/R4zBf7Am3g==",
        "dependencies": {
          "runtime.linux-arm64.Microsoft.DotNet.ILCompiler": "10.0.11"
        }
      },
      "Microsoft.Windows.Console.ConPTY": {
        "type": "Direct",
        "requested": "[1.24.260710001, )",
        "resolved": "1.24.260710001",
        "contentHash": "JR1xAkZbNnAALBjzFpqSwEx7YZfD1LI228jF9j9cgKknBPCiFy9mpphlgH+TpTN8vajTUpcgg9Miy5Y8eUAH9g=="
      },
      "runtime.linux-arm64.Microsoft.DotNet.ILCompiler": {
        "type": "Transitive",
        "resolved": "10.0.11",
        "contentHash": "SlLhVljt2e2nIYTOqzNUBr6pjOiC5SjSQyTnORuz845gXUKa2zuRYim/MA+s/V66bcd3q26EumASTOYc8ttLew=="
      }
    },
    "net10.0/linux-x64": {
      "Microsoft.DotNet.ILCompiler": {
        "type": "Direct",
        "requested": "[10.0.11, )",
        "resolved": "10.0.11",
        "contentHash": "yloFUsIQOzspIsn2cDHrbgikKaWHAZspzj0EWxnWJJpFC89IBW64OXgCECsrrnzGWQvy1iLX9r5/R4zBf7Am3g==",
        "dependencies": {
          "runtime.linux-x64.Microsoft.DotNet.ILCompiler": "10.0.11"
        }
      },
      "Microsoft.Windows.Console.ConPTY": {
        "type": "Direct",
        "requested": "[1.24.260710001, )",
        "resolved": "1.24.260710001",
        "contentHash": "JR1xAkZbNnAALBjzFpqSwEx7YZfD1LI228jF9j9cgKknBPCiFy9mpphlgH+TpTN8vajTUpcgg9Miy5Y8eUAH9g=="
      },
      "runtime.linux-x64.Microsoft.DotNet.ILCompiler": {
        "type": "Transitive",
        "resolved": "10.0.11",
        "contentHash": "0lJviBev2CvBdrLhMCJ1hmwOKgjbk1ccRy+brEewywtK4TMft1WaVXv112j6OuTQg8ZMbnN/i3KRD3S6o4NJDw=="
      }
    },
    "net10.0/osx-arm64": {
      "Microsoft.DotNet.ILCompiler": {
        "type": "Direct",
        "requested": "[10.0.11, )",
        "resolved": "10.0.11",
        "contentHash": "yloFUsIQOzspIsn2cDHrbgikKaWHAZspzj0EWxnWJJpFC89IBW64OXgCECsrrnzGWQvy1iLX9r5/R4zBf7Am3g==",
        "dependencies": {
          "runtime.osx-arm64.Microsoft.DotNet.ILCompiler": "10.0.11"
        }
      },
      "Microsoft.Windows.Console.ConPTY": {
        "type": "Direct",
        "requested": "[1.24.260710001, )",
        "resolved": "1.24.260710001",
        "contentHash": "JR1xAkZbNnAALBjzFpqSwEx7YZfD1LI228jF9j9cgKknBPCiFy9mpphlgH+TpTN8vajTUpcgg9Miy5Y8eUAH9g=="
      },
      "runtime.osx-arm64.Microsoft.DotNet.ILCompiler": {
        "type": "Transitive",
        "resolved": "10.0.11",
        "contentHash": "4cxybmyqJI3zZIKkNM1Ft0aq6Q4q6b4SJ11Np5j9lrHHurfheI66dUshpZD/UEMjMqAdg9O03AABAYLYSUzwyw=="
      }
    },
    "net10.0/osx-x64": {
      "Microsoft.DotNet.ILCompiler": {
        "type": "Direct",
        "requested": "[10.0.11, )",
        "resolved": "10.0.11",
        "contentHash": "yloFUsIQOzspIsn2cDHrbgikKaWHAZspzj0EWxnWJJpFC89IBW64OXgCECsrrnzGWQvy1iLX9r5/R4zBf7Am3g==",
        "dependencies": {
          "runtime.osx-x64.Microsoft.DotNet.ILCompiler": "10.0.11"
        }
      },
      "Microsoft.Windows.Console.ConPTY": {
        "type": "Direct",
        "requested": "[1.24.260710001, )",
        "resolved": "1.24.260710001",
        "contentHash": "JR1xAkZbNnAALBjzFpqSwEx7YZfD1LI228jF9j9cgKknBPCiFy9mpphlgH+TpTN8vajTUpcgg9Miy5Y8eUAH9g=="
      },
      "runtime.osx-x64.Microsoft.DotNet.ILCompiler": {
        "type": "Transitive",
        "resolved": "10.0.11",
        "contentHash": "Nf7MRJg0HZ4G7icNbW8T49O/9UU6x8XoUPffkk3Uh+r+mDAUFHkhIptUc0wDdIRrouJrLt0IJp0LiaQJUB7DbA=="
      }
    },
    "net10.0/win-x64": {
      "Microsoft.DotNet.ILCompiler": {
        "type": "Direct",
        "requested": "[10.0.11, )",
        "resolved": "10.0.11",
        "contentHash": "yloFUsIQOzspIsn2cDHrbgikKaWHAZspzj0EWxnWJJpFC89IBW64OXgCECsrrnzGWQvy1iLX9r5/R4zBf7Am3g==",
        "dependencies": {
          "runtime.win-x64.Microsoft.DotNet.ILCompiler": "10.0.11"
        }
      },
      "Microsoft.Windows.Console.ConPTY": {
        "type": "Direct",
        "requested": "[1.24.260710001, )",
        "resolved": "1.24.260710001",
        "contentHash": "JR1xAkZbNnAALBjzFpqSwEx7YZfD1LI228jF9j9cgKknBPCiFy9mpphlgH+TpTN8vajTUpcgg9Miy5Y8eUAH9g=="
      },
      "runtime.win-x64.Microsoft.DotNet.ILCompiler": {
        "type": "Transitive",
        "resolved": "10.0.11",
        "contentHash": "D6ZKMo3NeTnos7l5S8bMmiPm4LK+y15Q/uduyPw7FX+xKbeWVWdwlcZGkLLPjLvW4ZO6o3ACanq5HsSXJgrt0g=="
      }
    },
    "net10.0/win-x86": {
      "Microsoft.DotNet.ILCompiler": {
        "type": "Direct",
        "requested": "[10.0.11, )",
        "resolved": "10.0.11",
        "contentHash": "yloFUsIQOzspIsn2cDHrbgikKaWHAZspzj0EWxnWJJpFC89IBW64OXgCECsrrnzGWQvy1iLX9r5/R4zBf7Am3g==",
        "dependencies": {
          "runtime.win-x86.Microsoft.DotNet.ILCompiler": "10.0.11"
        }
      },
      "Microsoft.Windows.Console.ConPTY": {
        "type": "Direct",
        "requested": "[1.24.260710001, )",
        "resolved": "1.24.260710001",
        "contentHash": "JR1xAkZbNnAALBjzFpqSwEx7YZfD1LI228jF9j9cgKknBPCiFy9mpphlgH+TpTN8vajTUpcgg9Miy5Y8eUAH9g=="
      },
      "runtime.win-x86.Microsoft.DotNet.ILCompiler": {
        "type": "Transitive",
        "resolved": "10.0.11",
        "contentHash": "Gm5p1Pg87zf+HDV0cS+niOwh4glMgZ5hnDvQ9rmXyY+tQtlKSsWcKOwHVE8rJx/eTiOiLUrbNZNw5uD//h0zlg=="
      }
    },
    "net10.0-windows10.0.19041": {
      "IDisposableAnalyzers": {
        "type": "Direct",
        "requested": "[4.0.8, )",
        "resolved": "4.0.8",
        "contentHash": "vNi4NMG0CcJyjXxiNDcQ21FwV/whM9o9OEZKD+oP7tuxAqFEzX/x5OhC3OZJqW/w+8GOtCmJPBquYgMWgz0rfQ=="
      },
      "Meziantou.Analyzer": {
        "type": "Direct",
        "requested": "[3.0.228, )",
        "resolved": "3.0.228",
        "contentHash": "YqzQrn2kokjvvZzYPM90b95CJyKONv60iZ6H0SuPy+6fWz3c8Fnqnd4rp+f7KxUc00r+FmLgGtQXeAPZxkZmGA=="
      },
      "Microsoft.DotNet.ILCompiler": {
        "type": "Direct",
        "requested": "[10.0.11, )",
        "resolved": "10.0.11",
        "contentHash": "yloFUsIQOzspIsn2cDHrbgikKaWHAZspzj0EWxnWJJpFC89IBW64OXgCECsrrnzGWQvy1iLX9r5/R4zBf7Am3g=="
      },
      "Microsoft.NET.ILLink.Tasks": {
        "type": "Direct",
        "requested": "[10.0.11, )",
        "resolved": "10.0.11",
        "contentHash": "IBf7lbovvjGWVWXZX5cJ/cO0WXbId0Zq4BuSeT94mGZuOAP66oMeH9PTBZ9Jpp3Jb6jtK0qm/NyUbPRo1gC/wQ=="
      },
      "Microsoft.Windows.Console.ConPTY": {
        "type": "Direct",
        "requested": "[1.24.260710001, )",
        "resolved": "1.24.260710001",
        "contentHash": "JR1xAkZbNnAALBjzFpqSwEx7YZfD1LI228jF9j9cgKknBPCiFy9mpphlgH+TpTN8vajTUpcgg9Miy5Y8eUAH9g=="
      },
      "ai.tlbx.midterm.common": {
        "type": "Project"
      }
    },
    "net10.0-windows10.0.19041/linux-arm64": {
      "Microsoft.DotNet.ILCompiler": {
        "type": "Direct",
        "requested": "[10.0.11, )",
        "resolved": "10.0.11",
        "contentHash": "yloFUsIQOzspIsn2cDHrbgikKaWHAZspzj0EWxnWJJpFC89IBW64OXgCECsrrnzGWQvy1iLX9r5/R4zBf7Am3g==",
        "dependencies": {
          "runtime.linux-arm64.Microsoft.DotNet.ILCompiler": "10.0.11"
        }
      },
      "Microsoft.Windows.Console.ConPTY": {
        "type": "Direct",
        "requested": "[1.24.260710001, )",
        "resolved": "1.24.260710001",
        "contentHash": "JR1xAkZbNnAALBjzFpqSwEx7YZfD1LI228jF9j9cgKknBPCiFy9mpphlgH+TpTN8vajTUpcgg9Miy5Y8eUAH9g=="
      },
      "runtime.linux-arm64.Microsoft.DotNet.ILCompiler": {
        "type": "Transitive",
        "resolved": "10.0.11",
        "contentHash": "SlLhVljt2e2nIYTOqzNUBr6pjOiC5SjSQyTnORuz845gXUKa2zuRYim/MA+s/V66bcd3q26EumASTOYc8ttLew=="
      }
    },
    "net10.0-windows10.0.19041/linux-x64": {
      "Microsoft.DotNet.ILCompiler": {
        "type": "Direct",
        "requested": "[10.0.11, )",
        "resolved": "10.0.11",
        "contentHash": "yloFUsIQOzspIsn2cDHrbgikKaWHAZspzj0EWxnWJJpFC89IBW64OXgCECsrrnzGWQvy1iLX9r5/R4zBf7Am3g==",
        "dependencies": {
          "runtime.linux-x64.Microsoft.DotNet.ILCompiler": "10.0.11"
        }
      },
      "Microsoft.Windows.Console.ConPTY": {
        "type": "Direct",
        "requested": "[1.24.260710001, )",
        "resolved": "1.24.260710001",
        "contentHash": "JR1xAkZbNnAALBjzFpqSwEx7YZfD1LI228jF9j9cgKknBPCiFy9mpphlgH+TpTN8vajTUpcgg9Miy5Y8eUAH9g=="
      },
      "runtime.linux-x64.Microsoft.DotNet.ILCompiler": {
        "type": "Transitive",
        "resolved": "10.0.11",
        "contentHash": "0lJviBev2CvBdrLhMCJ1hmwOKgjbk1ccRy+brEewywtK4TMft1WaVXv112j6OuTQg8ZMbnN/i3KRD3S6o4NJDw=="
      }
    },
    "net10.0-windows10.0.19041/osx-arm64": {
      "Microsoft.DotNet.ILCompiler": {
        "type": "Direct",
        "requested": "[10.0.11, )",
        "resolved": "10.0.11",
        "contentHash": "yloFUsIQOzspIsn2cDHrbgikKaWHAZspzj0EWxnWJJpFC89IBW64OXgCECsrrnzGWQvy1iLX9r5/R4zBf7Am3g==",
        "dependencies": {
          "runtime.osx-arm64.Microsoft.DotNet.ILCompiler": "10.0.11"
        }
      },
      "Microsoft.Windows.Console.ConPTY": {
        "type": "Direct",
        "requested": "[1.24.260710001, )",
        "resolved": "1.24.260710001",
        "contentHash": "JR1xAkZbNnAALBjzFpqSwEx7YZfD1LI228jF9j9cgKknBPCiFy9mpphlgH+TpTN8vajTUpcgg9Miy5Y8eUAH9g=="
      },
      "runtime.osx-arm64.Microsoft.DotNet.ILCompiler": {
        "type": "Transitive",
        "resolved": "10.0.11",
        "contentHash": "4cxybmyqJI3zZIKkNM1Ft0aq6Q4q6b4SJ11Np5j9lrHHurfheI66dUshpZD/UEMjMqAdg9O03AABAYLYSUzwyw=="
      }
    },
    "net10.0-windows10.0.19041/osx-x64": {
      "Microsoft.DotNet.ILCompiler": {
        "type": "Direct",
        "requested": "[10.0.11, )",
        "resolved": "10.0.11",
        "contentHash": "yloFUsIQOzspIsn2cDHrbgikKaWHAZspzj0EWxnWJJpFC89IBW64OXgCECsrrnzGWQvy1iLX9r5/R4zBf7Am3g==",
        "dependencies": {
          "runtime.osx-x64.Microsoft.DotNet.ILCompiler": "10.0.11"
        }
      },
      "Microsoft.Windows.Console.ConPTY": {
        "type": "Direct",
        "requested": "[1.24.260710001, )",
        "resolved": "1.24.260710001",
        "contentHash": "JR1xAkZbNnAALBjzFpqSwEx7YZfD1LI228jF9j9cgKknBPCiFy9mpphlgH+TpTN8vajTUpcgg9Miy5Y8eUAH9g=="
      },
      "runtime.osx-x64.Microsoft.DotNet.ILCompiler": {
        "type": "Transitive",
        "resolved": "10.0.11",
        "contentHash": "Nf7MRJg0HZ4G7icNbW8T49O/9UU6x8XoUPffkk3Uh+r+mDAUFHkhIptUc0wDdIRrouJrLt0IJp0LiaQJUB7DbA=="
      }
    },
    "net10.0-windows10.0.19041/win-x64": {
      "Microsoft.DotNet.ILCompiler": {
        "type": "Direct",
        "requested": "[10.0.11, )",
        "resolved": "10.0.11",
        "contentHash": "yloFUsIQOzspIsn2cDHrbgikKaWHAZspzj0EWxnWJJpFC89IBW64OXgCECsrrnzGWQvy1iLX9r5/R4zBf7Am3g==",
        "dependencies": {
          "runtime.win-x64.Microsoft.DotNet.ILCompiler": "10.0.11"
        }
      },
      "Microsoft.Windows.Console.ConPTY": {
        "type": "Direct",
        "requested": "[1.24.260710001, )",
        "resolved": "1.24.260710001",
        "contentHash": "JR1xAkZbNnAALBjzFpqSwEx7YZfD1LI228jF9j9cgKknBPCiFy9mpphlgH+TpTN8vajTUpcgg9Miy5Y8eUAH9g=="
      },
      "runtime.win-x64.Microsoft.DotNet.ILCompiler": {
        "type": "Transitive",
        "resolved": "10.0.11",
        "contentHash": "D6ZKMo3NeTnos7l5S8bMmiPm4LK+y15Q/uduyPw7FX+xKbeWVWdwlcZGkLLPjLvW4ZO6o3ACanq5HsSXJgrt0g=="
      }
    },
    "net10.0-windows10.0.19041/win-x86": {
      "Microsoft.DotNet.ILCompiler": {
        "type": "Direct",
        "requested": "[10.0.11, )",
        "resolved": "10.0.11",
        "contentHash": "yloFUsIQOzspIsn2cDHrbgikKaWHAZspzj0EWxnWJJpFC89IBW64OXgCECsrrnzGWQvy1iLX9r5/R4zBf7Am3g==",
        "dependencies": {
          "runtime.win-x86.Microsoft.DotNet.ILCompiler": "10.0.11"
        }
      },
      "Microsoft.Windows.Console.ConPTY": {
        "type": "Direct",
        "requested": "[1.24.260710001, )",
        "resolved": "1.24.260710001",
        "contentHash": "JR1xAkZbNnAALBjzFpqSwEx7YZfD1LI228jF9j9cgKknBPCiFy9mpphlgH+TpTN8vajTUpcgg9Miy5Y8eUAH9g=="
      },
      "runtime.win-x86.Microsoft.DotNet.ILCompiler": {
        "type": "Transitive",
        "resolved": "10.0.11",
        "contentHash": "Gm5p1Pg87zf+HDV0cS+niOwh4glMgZ5hnDvQ9rmXyY+tQtlKSsWcKOwHVE8rJx/eTiOiLUrbNZNw5uD//h0zlg=="
      }
    }
  }
}